
Microsoft Visual Studio Solution File, Format Version 12.00
# Visual Studio Version 17
VisualStudioVersion = 17.7.34031.279
MinimumVisualStudioVersion = 10.0.40219.1
Project("{FAE04EC0-301F-11D3-BF4B-00C04F79EFBC}") = "ChatUI", "ChatUI\ChatUI.csproj", "{923A3245-4C1A-4D33-B598-89B1B0A30D81}"
EndProject
Global
	GlobalSection(SolutionConfigurationPlatforms) = preSolution
		Debug|Any CPU = Debug|Any CPU
		Release|Any CPU = Release|Any CPU
	EndGlobalSection
	GlobalSection(ProjectConfigurationPlatforms) = postSolution
		{923A3245-4C1A-4D33-B598-89B1B0A30D81}.Debug|Any CPU.ActiveCfg = Debug|Any CPU
		{923A3245-4C1A-4D33-B598-89B1B0A30D81}.Debug|Any CPU.Build.0 = Debug|Any CPU
		{923A3245-4C1A-4D33-B598-89B1B0A30D81}.Release|Any CPU.ActiveCfg = Release|Any CPU
		{923A3245-4C1A-4D33-B598-89B1B0A30D81}.Release|Any CPU.Build.0 = Release|Any CPU
	EndGlobalSection
	GlobalSection(SolutionProperties) = preSolution
		HideSolutionNode = FALSE
	EndGlobalSection
	GlobalSection(ExtensibilityGlobals) = postSolution
		SolutionGuid = {3814EE67-E955-48A3-9ABE-000E5165854B}
	EndGlobalSection
EndGlobal
